{
  "nodes": {
    "nixpkgs": {
      "locked": {
        "lastModified": 1695318763,
        "narHash": "sha256-FHVPDRP2AfvsxAdc+AsgFJevMz5VBmnZglFUMlxBkcY=",
        "owner": "NixOS",
        "repo": "nixpkgs",
        "rev": "e12483116b3b51a185a33a272bf351e357ba9a99",
        "type": "github"
      },
      "original": {
        "id": "nixpkgs",
        "type": "indirect"
      }
    },
    "nixpkgs_2": {
      "locked": {
        "lastModified": 1697851979,
        "narHash": "sha256-lJ8k4qkkwdvi+t/Xc6Fn74kUuobpu9ynPGxNZR6OwoA=",
        "owner": "nixos",
        "repo": "nixpkgs",
        "rev": "5550a85a087c04ddcace7f892b0bdc9d8bb080c8",
        "type": "github"
      },
      "original": {
        "owner": "nixos",
        "ref": "nixos-23.05",
        "repo": "nixpkgs",
        "type": "github"
      }
    },
    "root": {
      "inputs": {
        "nixpkgs": "nixpkgs",
        "toolchains": "toolchains"
      }
    },
    "toolchains": {
      "inputs": {
        "nixpkgs": "nixpkgs_2"
      },
      "locked": {
        "lastModified": 1698820839,
        "narHash": "sha256-6fAnfZlnsZO7VyFqbqYeHYFRf4SvKv58XIvhN8UVYHQ=",
        "owner": "HU90m",
        "repo": "lowrisc-toolchains",
        "rev": "2efb5597385c649cd510bc2f30f17a50ca80cbac",
        "type": "github"
      },
      "original": {
        "owner": "HU90m",
        "ref": "nix",
        "repo": "lowrisc-toolchains",
        "type": "github"
      }
    }
  },
  "root": "root",
  "version": 7
}
