{
  "nodes": {
    "nixpkgs": {
      "locked": {
        "lastModified": 1697915759,
        "narHash": "sha256-WyMj5jGcecD+KC8gEs+wFth1J1wjisZf8kVZH13f1Zo=",
        "owner": "NixOS",
        "repo": "nixpkgs",
        "rev": "51d906d2341c9e866e48c2efcaac0f2d70bfd43e",
        "type": "github"
      },
      "original": {
        "id": "nixpkgs",
        "type": "indirect"
      }
    },
    "nixpkgs_2": {
      "locked": {
        "lastModified": 1688392541,
        "narHash": "sha256-lHrKvEkCPTUO+7tPfjIcb7Trk6k31rz18vkyqmkeJfY=",
        "owner": "nixos",
        "repo": "nixpkgs",
        "rev": "ea4c80b39be4c09702b0cb3b42eab59e2ba4f24b",
        "type": "github"
      },
      "original": {
        "owner": "nixos",
        "ref": "nixos-22.11",
        "repo": "nixpkgs",
        "type": "github"
      }
    },
    "root": {
      "inputs": {
        "nixpkgs": "nixpkgs",
        "toolchains": "toolchains"
      }
    },
    "toolchains": {
      "inputs": {
        "nixpkgs": "nixpkgs_2"
      },
      "locked": {
        "lastModified": 1698148783,
        "narHash": "sha256-wZ7ZNL5xXuHeKxwG4uhLImcl0JpQjRmHELXs7D5pM6M=",
        "owner": "HU90m",
        "repo": "lowrisc-toolchains",
        "rev": "215c632c218f74df310cf7ab24630f9b93582ff7",
        "type": "github"
      },
      "original": {
        "owner": "HU90m",
        "ref": "nix",
        "repo": "lowrisc-toolchains",
        "type": "github"
      }
    }
  },
  "root": "root",
  "version": 7
}
